
Microsoft Visual Studio Solution File, Format Version 12.00
# Visual Studio 15
VisualStudioVersion = 15.0.28307.421
MinimumVisualStudioVersion = 10.0.40219.1
Project("{FAE04EC0-301F-11D3-BF4B-00C04F79EFBC}") = "GameOfDrones.Web", "GameOfDrones.Web\GameOfDrones.Web.csproj", "{828C4E98-8B47-47EF-B05B-7DB57E136D25}"
EndProject
Project("{FAE04EC0-301F-11D3-BF4B-00C04F79EFBC}") = "GameOfDrones.DAL", "GameOfDrones.DAL\GameOfDrones.DAL.csproj", "{70B53109-8B61-449E-AAFC-4251D3184581}"
EndProject
Project("{FAE04EC0-301F-11D3-BF4B-00C04F79EFBC}") = "GameOfDrones.Core", "GameOfDrones.Core\GameOfDrones.Core.csproj", "{5BCAB9ED-5967-4197-B97B-747D0F5ECE36}"
EndProject
Global
	GlobalSection(SolutionConfigurationPlatforms) = preSolution
		Debug|Any CPU = Debug|Any CPU
		Release|Any CPU = Release|Any CPU
	EndGlobalSection
	GlobalSection(ProjectConfigurationPlatforms) = postSolution
		{828C4E98-8B47-47EF-B05B-7DB57E136D25}.Debug|Any CPU.ActiveCfg = Debug|Any CPU
		{828C4E98-8B47-47EF-B05B-7DB57E136D25}.Debug|Any CPU.Build.0 = Debug|Any CPU
		{828C4E98-8B47-47EF-B05B-7DB57E136D25}.Release|Any CPU.ActiveCfg = Release|Any CPU
		{828C4E98-8B47-47EF-B05B-7DB57E136D25}.Release|Any CPU.Build.0 = Release|Any CPU
		{70B53109-8B61-449E-AAFC-4251D3184581}.Debug|Any CPU.ActiveCfg = Debug|Any CPU
		{70B53109-8B61-449E-AAFC-4251D3184581}.Debug|Any CPU.Build.0 = Debug|Any CPU
		{70B53109-8B61-449E-AAFC-4251D3184581}.Release|Any CPU.ActiveCfg = Release|Any CPU
		{70B53109-8B61-449E-AAFC-4251D3184581}.Release|Any CPU.Build.0 = Release|Any CPU
		{5BCAB9ED-5967-4197-B97B-747D0F5ECE36}.Debug|Any CPU.ActiveCfg = Debug|Any CPU
		{5BCAB9ED-5967-4197-B97B-747D0F5ECE36}.Debug|Any CPU.Build.0 = Debug|Any CPU
		{5BCAB9ED-5967-4197-B97B-747D0F5ECE36}.Release|Any CPU.ActiveCfg = Release|Any CPU
		{5BCAB9ED-5967-4197-B97B-747D0F5ECE36}.Release|Any CPU.Build.0 = Release|Any CPU
	EndGlobalSection
	GlobalSection(SolutionProperties) = preSolution
		HideSolutionNode = FALSE
	EndGlobalSection
	GlobalSection(ExtensibilityGlobals) = postSolution
		SolutionGuid = {883F80CD-CF2B-43CD-8CFD-BD7EDDFF4DDA}
	EndGlobalSection
EndGlobal
